# THIS IS AN AUTOGENERATED FILE. DO NOT EDIT THIS FILE DIRECTLY.
# yarn lockfile v1


"@ffprobe-installer/darwin-x64@4.0.3":
  version "4.0.3"
  resolved "https://registry.yarnpkg.com/@ffprobe-installer/darwin-x64/-/darwin-x64-4.0.3.tgz#2b933fec952ad48af71b7622222e806d9956ba92"

"@ffprobe-installer/ffprobe@^1.0.9":
  version "1.0.9"
  resolved "https://registry.yarnpkg.com/@ffprobe-installer/ffprobe/-/ffprobe-1.0.9.tgz#262c2b397940ebac48c7352ad4f567855f98add0"
  optionalDependencies:
    "@ffprobe-installer/darwin-x64" "4.0.3"
    "@ffprobe-installer/linux-ia32" "4.0.3"
    "@ffprobe-installer/linux-x64" "4.0.3"
    "@ffprobe-installer/win32-ia32" "4.0.2"
    "@ffprobe-installer/win32-x64" "4.0.2"

"@ffprobe-installer/linux-ia32@4.0.3":
  version "4.0.3"
  resolved "https://registry.yarnpkg.com/@ffprobe-installer/linux-ia32/-/linux-ia32-4.0.3.tgz#838ea0284b0a202edb3162988f43a2d9bd7d828f"

"@ffprobe-installer/linux-x64@4.0.3":
  version "4.0.3"
  resolved "https://registry.yarnpkg.com/@ffprobe-installer/linux-x64/-/linux-x64-4.0.3.tgz#3f4823afcfc4dc8572a86b07f6a5438dbb6cb32f"

"@ffprobe-installer/win32-ia32@4.0.2":
  version "4.0.2"
  resolved "https://registry.yarnpkg.com/@ffprobe-installer/win32-ia32/-/win32-ia32-4.0.2.tgz#297476ef8f15ff91ddb3f582329124b420014b90"

"@ffprobe-installer/win32-x64@4.0.2":
  version "4.0.2"
  resolved "https://registry.yarnpkg.com/@ffprobe-installer/win32-x64/-/win32-x64-4.0.2.tgz#3e18e27008250693bceb300a75d277e8e1ad51fa"

async@>=0.2.9:
  version "2.6.1"
  resolved "https://registry.yarnpkg.com/async/-/async-2.6.1.tgz#b245a23ca71930044ec53fa46aa00a3e87c6a610"
  dependencies:
    lodash "^4.17.10"

fluent-ffmpeg@^2.1.2:
  version "2.1.2"
  resolved "https://registry.yarnpkg.com/fluent-ffmpeg/-/fluent-ffmpeg-2.1.2.tgz#c952de2240f812ebda0aa8006d7776ee2acf7d74"
  dependencies:
    async ">=0.2.9"
    which "^1.1.1"

inherits@2.0.3:
  version "2.0.3"
  resolved "https://registry.yarnpkg.com/inherits/-/inherits-2.0.3.tgz#633c2c83e3da42a502f52466022480f4208261de"

isexe@^2.0.0:
  version "2.0.0"
  resolved "https://registry.yarnpkg.com/isexe/-/isexe-2.0.0.tgz#e8fbf374dc556ff8947a10dcb0572d633f2cfa10"

lodash@^4.17.10:
  version "4.17.11"
  resolved "https://registry.yarnpkg.com/lodash/-/lodash-4.17.11.tgz#b39ea6229ef607ecd89e2c8df12536891cac9b8d"

path@^0.12.7:
  version "0.12.7"
  resolved "https://registry.yarnpkg.com/path/-/path-0.12.7.tgz#d4dc2a506c4ce2197eb481ebfcd5b36c0140b10f"
  dependencies:
    process "^0.11.1"
    util "^0.10.3"

process@^0.11.1:
  version "0.11.10"
  resolved "https://registry.yarnpkg.com/process/-/process-0.11.10.tgz#7332300e840161bda3e69a1d1d91a7d4bc16f182"

util@^0.10.3:
  version "0.10.4"
  resolved "https://registry.yarnpkg.com/util/-/util-0.10.4.tgz#3aa0125bfe668a4672de58857d3ace27ecb76901"
  dependencies:
    inherits "2.0.3"

which@^1.1.1:
  version "1.3.1"
  resolved "https://registry.yarnpkg.com/which/-/which-1.3.1.tgz#a45043d54f5805316da8d62f9f50918d3da70b0a"
  dependencies:
    isexe "^2.0.0"
